
Microsoft Visual Studio Solution File, Format Version 12.00
# Visual Studio Version 17
VisualStudioVersion = 17.11.35219.272
MinimumVisualStudioVersion = 10.0.40219.1
Project("{FAE04EC0-301F-11D3-BF4B-00C04F79EFBC}") = "do-background-work-in-forms", "do-background-work-in-forms\do-background-work-in-forms.csproj", "{3FC885A7-13FD-4588-8706-1893FCD95783}"
EndProject
Global
	GlobalSection(SolutionConfigurationPlatforms) = preSolution
		Debug|Any CPU = Debug|Any CPU
		Release|Any CPU = Release|Any CPU
	EndGlobalSection
	GlobalSection(ProjectConfigurationPlatforms) = postSolution
		{3FC885A7-13FD-4588-8706-1893FCD95783}.Debug|Any CPU.ActiveCfg = Debug|Any CPU
		{3FC885A7-13FD-4588-8706-1893FCD95783}.Debug|Any CPU.Build.0 = Debug|Any CPU
		{3FC885A7-13FD-4588-8706-1893FCD95783}.Release|Any CPU.ActiveCfg = Release|Any CPU
		{3FC885A7-13FD-4588-8706-1893FCD95783}.Release|Any CPU.Build.0 = Release|Any CPU
	EndGlobalSection
	GlobalSection(SolutionProperties) = preSolution
		HideSolutionNode = FALSE
	EndGlobalSection
	GlobalSection(ExtensibilityGlobals) = postSolution
		SolutionGuid = {816FA79B-35BF-41DF-99AF-5C03D2B8D8B1}
	EndGlobalSection
EndGlobal
